Microsoft Visual Studio Solution File, Format Version 12.00
# Visual Studio Version 17
VisualStudioVersion = 17.0.31903.59
MinimumVisualStudioVersion = 10.0.40219.1
Project("{FAE04EC0-301F-11D3-BF4B-00C04F79EFBC}") = "B8aGrate", "src\B8aGrate\B8aGrate.csproj", "{A9E935DD-F9A7-4AF8-9D65-42A7A27B7001}"
EndProject
Project("{FAE04EC0-301F-11D3-BF4B-00C04F79EFBC}") = "B8aGrate.Application", "src\B8aGrate.Application\B8aGrate.Application.csproj", "{AFE6CCE5-8183-4716-A04B-B3668F54C837}"
EndProject
Project("{FAE04EC0-301F-11D3-BF4B-00C04F79EFBC}") = "B8aGrate.Domain", "src\B8aGrate.Domain\B8aGrate.Domain.csproj", "{65484F2E-C2D9-430C-9A67-424C62FE1327}"
EndProject
Project("{FAE04EC0-301F-11D3-BF4B-00C04F79EFBC}") = "B8aGrate.TypeAdapters", "src\B8aGrate.TypeAdapters\B8aGrate.TypeAdapters.csproj", "{F569D2DA-8DC4-4B4D-9CD8-62506174996D}"
EndProject
Project("{FAE04EC0-301F-11D3-BF4B-00C04F79EFBC}") = "B8aGrate.Data", "src\B8aGrate.Data\B8aGrate.Data.csproj", "{6C501ACA-EDA9-44D9-BC5C-99FB33ED8E74}"
EndProject
Project("{2150E333-8FDC-42A3-9474-1A3956D46DE8}") = "Application", "Application", "{74E14E9A-8B4C-40BA-B2B7-99CC83E20923}"
EndProject
Project("{2150E333-8FDC-42A3-9474-1A3956D46DE8}") = "Host", "Host", "{0367C5B7-D0F1-48F7-A330-1138D1D96B43}"
EndProject
Project("{2150E333-8FDC-42A3-9474-1A3956D46DE8}") = "Tests", "Tests", "{890772E1-668C-4053-848F-4AE11254AC53}"
EndProject
Project("{FAE04EC0-301F-11D3-BF4B-00C04F79EFBC}") = "B8aGrate.Data.Sql", "src\B8aGrate.Data.Sql\B8aGrate.Data.Sql.csproj", "{37CC8E8E-80A9-4F94-B795-55EDE81F536D}"
EndProject
Project("{FAE04EC0-301F-11D3-BF4B-00C04F79EFBC}") = "B8aGrate.Tests", "src\B8aGrate.Tests\B8aGrate.Tests.csproj", "{6347C162-D3AE-4A7B-9415-0070444296D9}"
EndProject
Global
				GlobalSection(SolutionConfigurationPlatforms) = preSolution
								Debug|Any CPU = Debug|Any CPU
								Release|Any CPU = Release|Any CPU
				EndGlobalSection
				GlobalSection(ProjectConfigurationPlatforms) = postSolution
								{A9E935DD-F9A7-4AF8-9D65-42A7A27B7001}.Debug|Any CPU.ActiveCfg = Debug|Any CPU
								{A9E935DD-F9A7-4AF8-9D65-42A7A27B7001}.Debug|Any CPU.Build.0 = Debug|Any CPU
								{A9E935DD-F9A7-4AF8-9D65-42A7A27B7001}.Release|Any CPU.ActiveCfg = Release|Any CPU
								{A9E935DD-F9A7-4AF8-9D65-42A7A27B7001}.Release|Any CPU.Build.0 = Release|Any CPU
					{AFE6CCE5-8183-4716-A04B-B3668F54C837}.Debug|Any CPU.ActiveCfg = Debug|Any CPU
					{AFE6CCE5-8183-4716-A04B-B3668F54C837}.Debug|Any CPU.Build.0 = Debug|Any CPU
					{AFE6CCE5-8183-4716-A04B-B3668F54C837}.Release|Any CPU.ActiveCfg = Release|Any CPU
					{AFE6CCE5-8183-4716-A04B-B3668F54C837}.Release|Any CPU.Build.0 = Release|Any CPU
					{65484F2E-C2D9-430C-9A67-424C62FE1327}.Debug|Any CPU.ActiveCfg = Debug|Any CPU
					{65484F2E-C2D9-430C-9A67-424C62FE1327}.Debug|Any CPU.Build.0 = Debug|Any CPU
					{65484F2E-C2D9-430C-9A67-424C62FE1327}.Release|Any CPU.ActiveCfg = Release|Any CPU
					{65484F2E-C2D9-430C-9A67-424C62FE1327}.Release|Any CPU.Build.0 = Release|Any CPU
					{F569D2DA-8DC4-4B4D-9CD8-62506174996D}.Debug|Any CPU.ActiveCfg = Debug|Any CPU
					{F569D2DA-8DC4-4B4D-9CD8-62506174996D}.Debug|Any CPU.Build.0 = Debug|Any CPU
					{F569D2DA-8DC4-4B4D-9CD8-62506174996D}.Release|Any CPU.ActiveCfg = Release|Any CPU
					{F569D2DA-8DC4-4B4D-9CD8-62506174996D}.Release|Any CPU.Build.0 = Release|Any CPU
					{6C501ACA-EDA9-44D9-BC5C-99FB33ED8E74}.Debug|Any CPU.ActiveCfg = Debug|Any CPU
					{6C501ACA-EDA9-44D9-BC5C-99FB33ED8E74}.Debug|Any CPU.Build.0 = Debug|Any CPU
					{6C501ACA-EDA9-44D9-BC5C-99FB33ED8E74}.Release|Any CPU.ActiveCfg = Release|Any CPU
					{6C501ACA-EDA9-44D9-BC5C-99FB33ED8E74}.Release|Any CPU.Build.0 = Release|Any CPU
					{37CC8E8E-80A9-4F94-B795-55EDE81F536D}.Debug|Any CPU.ActiveCfg = Debug|Any CPU
					{37CC8E8E-80A9-4F94-B795-55EDE81F536D}.Debug|Any CPU.Build.0 = Debug|Any CPU
					{37CC8E8E-80A9-4F94-B795-55EDE81F536D}.Release|Any CPU.ActiveCfg = Release|Any CPU
					{37CC8E8E-80A9-4F94-B795-55EDE81F536D}.Release|Any CPU.Build.0 = Release|Any CPU
					{6347C162-D3AE-4A7B-9415-0070444296D9}.Debug|Any CPU.ActiveCfg = Debug|Any CPU
					{6347C162-D3AE-4A7B-9415-0070444296D9}.Debug|Any CPU.Build.0 = Debug|Any CPU
					{6347C162-D3AE-4A7B-9415-0070444296D9}.Release|Any CPU.ActiveCfg = Release|Any CPU
					{6347C162-D3AE-4A7B-9415-0070444296D9}.Release|Any CPU.Build.0 = Release|Any CPU
				EndGlobalSection
				GlobalSection(SolutionProperties) = preSolution
								HideSolutionNode = FALSE
				EndGlobalSection
	GlobalSection(NestedProjects) = preSolution
		{A9E935DD-F9A7-4AF8-9D65-42A7A27B7001} = {0367C5B7-D0F1-48F7-A330-1138D1D96B43}
		{AFE6CCE5-8183-4716-A04B-B3668F54C837} = {74E14E9A-8B4C-40BA-B2B7-99CC83E20923}
		{6C501ACA-EDA9-44D9-BC5C-99FB33ED8E74} = {74E14E9A-8B4C-40BA-B2B7-99CC83E20923}
		{65484F2E-C2D9-430C-9A67-424C62FE1327} = {74E14E9A-8B4C-40BA-B2B7-99CC83E20923}
		{F569D2DA-8DC4-4B4D-9CD8-62506174996D} = {74E14E9A-8B4C-40BA-B2B7-99CC83E20923}
		{37CC8E8E-80A9-4F94-B795-55EDE81F536D} = {74E14E9A-8B4C-40BA-B2B7-99CC83E20923}
		{6347C162-D3AE-4A7B-9415-0070444296D9} = {890772E1-668C-4053-848F-4AE11254AC53}
	EndGlobalSection
EndGlobal
